// !$*UTF8*$!
{
	archiveVersion = 1;
	classes = {
	};
	objectVersion = 46;
	objects = {

/* Begin PBXBuildFile section */
		C6E9F0011E57DF4100DE2C21 /* AppDelegate.swift in Sources */ = {isa = PBXBuildFile; fileRef = C6E9F0001E57DF4100DE2C21 /* AppDelegate.swift */; };
		C6E9F0031E57DF4100DE2C21 /* ViewController.swift in Sources */ = {isa = PBXBuildFile; fileRef = C6E9F0021E57DF4100DE2C21 /* ViewController.swift */; };
		C6E9F0061E57DF4100DE2C21 /* Main.storyboard in Resources */ = {isa = PBXBuildFile; fileRef = C6E9F0041E57DF4100DE2C21 /* Main.storyboard */; };
		C6E9F0081E57DF4100DE2C21 /* Assets.xcassets in Resources */ = {isa = PBXBuildFile; fileRef = C6E9F0071E57DF4100DE2C21 /* Assets.xcassets */; };
		C6E9F00B1E57DF4100DE2C21 /* LaunchScreen.storyboard in Resources */ = {isa = PBXBuildFile; fileRef = C6E9F0091E57DF4100DE2C21 /* LaunchScreen.storyboard */; };
/* End PBXBuildFile section */

/* Begin PBXFileReference section */
		C6E9EFFD1E57DF4100DE2C21 /* Travelogue.app */ = {isa = PBXFileReference; explicitFileType = wrapper.application; includeInIndex = 0; path = Travelogue.app; sourceTree = BUILT_PRODUCTS_DIR; };
		C6E9F0001E57DF4100DE2C21 /* AppDelegate.swift */ = {isa = PBXFileReference; lastKnownFileType = sourcecode.swift; path = AppDelegate.swift; sourceTree = "<group>"; };
		C6E9F0021E57DF4100DE2C21 /* ViewController.swift */ = {isa = PBXFileReference; lastKnownFileType = sourcecode.swift; path = ViewController.swift; sourceTree = "<group>"; };
		C6E9F0051E57DF4100DE2C21 /* Base */ = {isa = PBXFileReference; lastKnownFileType = file.storyboard; name = Base; path = Base.lproj/Main.storyboard; sourceTree = "<group>"; };
		C6E9F0071E57DF4100DE2C21 /* Assets.xcassets */ = {isa = PBXFileReference; lastKnownFileType = folder.assetcatalog; path = Assets.xcassets; sourceTree = "<group>"; };
		C6E9F00A1E57DF4100DE2C21 /* Base */ = {isa = PBXFileReference; lastKnownFileType = file.storyboard; name = Base; path = Base.lproj/LaunchScreen.storyboard; sourceTree = "<group>"; };
		C6E9F00C1E57DF4100DE2C21 /* Info.plist */ = {isa = PBXFileReference; lastKnownFileType = text.plist.xml; path = Info.plist; sourceTree = "<group>"; };
/* End PBXFileReference section */

/* Begin PBXFrameworksBuildPhase section */
		C6E9EFFA1E57DF4100DE2C21 /* Frameworks */ = {
			isa = PBXFrameworksBuildPhase;
			buildActionMask = 2147483647;
			files = (
			);
			runOnlyForDeploymentPostprocessing = 0;
		};
/* End PBXFrameworksBuildPhase section */

/* Begin PBXGroup section */
		C6E9EFF41E57DF4100DE2C21 = {
			isa = PBXGroup;
			children = (
				C6E9EFFF1E57DF4100DE2C21 /* Travelogue */,
				C6E9EFFE1E57DF4100DE2C21 /* Products */,
			);
			sourceTree = "<group>";
		};
		C6E9EFFE1E57DF4100DE2C21 /* Products */ = {
			isa = PBXGroup;
			children = (
				C6E9EFFD1E57DF4100DE2C21 /* Travelogue.app */,
			);
			name = Products;
			sourceTree = "<group>";
		};
		C6E9EFFF1E57DF4100DE2C21 /* Travelogue */ = {
			isa = PBXGroup;
			children = (
				C6E9F0001E57DF4100DE2C21 /* AppDelegate.swift */,
				C6E9F0021E57DF4100DE2C21 /* ViewController.swift */,
				C6E9F0041E57DF4100DE2C21 /* Main.storyboard */,
				C6E9F0071E57DF4100DE2C21 /* Assets.xcassets */,
				C6E9F0091E57DF4100DE2C21 /* LaunchScreen.storyboard */,
				C6E9F00C1E57DF4100DE2C21 /* Info.plist */,
			);
			path = Travelogue;
			sourceTree = "<group>";
		};
/* End PBXGroup section */

/* Begin PBXNativeTarget section */
		C6E9EFFC1E57DF4100DE2C21 /* Travelogue */ = {
			isa = PBXNativeTarget;
			buildConfigurationList = C6E9F00F1E57DF4100DE2C21 /* Build configuration list for PBXNativeTarget "Travelogue" */;
			buildPhases = (
				C6E9EFF91E57DF4100DE2C21 /* Sources */,
				C6E9EFFA1E57DF4100DE2C21 /* Frameworks */,
				C6E9EFFB1E57DF4100DE2C21 /* Resources */,
			);
			buildRules = (
			);
			dependencies = (
			);
			name = Travelogue;
			productName = Travelogue;
			productReference = C6E9EFFD1E57DF4100DE2C21 /* Travelogue.app */;
			productType = "com.apple.product-type.application";
		};
/* End PBXNativeTarget section */

/* Begin PBXProject section */
		C6E9EFF51E57DF4100DE2C21 /* Project object */ = {
			isa = PBXProject;
			attributes = {
				LastSwiftUpdateCheck = 0820;
				LastUpgradeCheck = 0820;
				ORGANIZATIONNAME = "Gaurav Saraf";
				TargetAttributes = {
					C6E9EFFC1E57DF4100DE2C21 = {
						CreatedOnToolsVersion = 8.2.1;
						DevelopmentTeam = YBP3LRB395;
						ProvisioningStyle = Automatic;
					};
				};
			};
			buildConfigurationList = C6E9EFF81E57DF4100DE2C21 /* Build configuration list for PBXProject "Travelogue" */;
			compatibilityVersion = "Xcode 3.2";
			developmentRegion = English;
			hasScannedForEncodings = 0;
			knownRegions = (
				en,
				Base,
			);
			mainGroup = C6E9EFF41E57DF4100DE2C21;
			productRefGroup = C6E9EFFE1E57DF4100DE2C21 /* Products */;
			projectDirPath = "";
			projectRoot = "";
			targets = (
				C6E9EFFC1E57DF4100DE2C21 /* Travelogue */,
			);
		};
/* End PBXProject section */

/* Begin PBXResourcesBuildPhase section */
		C6E9EFFB1E57DF4100DE2C21 /* Resources */ = {
			isa = PBXResourcesBuildPhase;
			buildActionMask = 2147483647;
			files = (
				C6E9F00B1E57DF4100DE2C21 /* LaunchScreen.storyboard in Resources */,
				C6E9F0081E57DF4100DE2C21 /* Assets.xcassets in Resources */,
				C6E9F0061E57DF4100DE2C21 /* Main.storyboard in Resources */,
			);
			runOnlyForDeploymentPostprocessing = 0;
		};
/* End PBXResourcesBuildPhase section */

/* Begin PBXSourcesBuildPhase section */
		C6E9EFF91E57DF4100DE2C21 /* Sources */ = {
			isa = PBXSourcesBuildPhase;
			buildActionMask = 2147483647;
			files = (
				C6E9F0031E57DF4100DE2C21 /* ViewController.swift in Sources */,
				C6E9F0011E57DF4100DE2C21 /* AppDelegate.swift in Sources */,
			);
			runOnlyForDeploymentPostprocessing = 0;
		};
/* End PBXSourcesBuildPhase section */

/* Begin PBXVariantGroup section */
		C6E9F0041E57DF4100DE2C21 /* Main.storyboard */ = {
			isa = PBXVariantGroup;
			children = (
				C6E9F0051E57DF4100DE2C21 /* Base */,
			);
			name = Main.storyboard;
			sourceTree = "<group>";
		};
		C6E9F0091E57DF4100DE2C21 /* LaunchScreen.storyboard */ = {
			isa = PBXVariantGroup;
			children = (
				C6E9F00A1E57DF4100DE2C21 /* Base */,
			);
			name = LaunchScreen.storyboard;
			sourceTree = "<group>";
		};
/* End PBXVariantGroup section */

/* Begin XCBuildConfiguration section */
		C6E9F00D1E57DF4100DE2C21 /* Debug */ = {
			isa = XCBuildConfiguration;
			buildSettings = {
				ALWAYS_SEARCH_USER_PATHS = NO;
				CLANG_ANALYZER_NONNULL = YES;
				CLANG_CXX_LANGUAGE_STANDARD = "gnu++0x";
				CLANG_CXX_LIBRARY = "libc++";
				CLANG_ENABLE_MODULES = YES;
				CLANG_ENABLE_OBJC_ARC = YES;
				CLANG_WARN_BOOL_CONVERSION = YES;
				CLANG_WARN_CONSTANT_CONVERSION = YES;
				CLANG_WARN_DIRECT_OBJC_ISA_USAGE = YES_ERROR;
				CLANG_WARN_DOCUMENTATION_COMMENTS = YES;
				CLANG_WARN_EMPTY_BODY = YES;
				CLANG_WARN_ENUM_CONVERSION = YES;
				CLANG_WARN_INFINITE_RECURSION = YES;
				CLANG_WARN_INT_CONVERSION = YES;
				CLANG_WARN_OBJC_ROOT_CLASS = YES_ERROR;
				CLANG_WARN_SUSPICIOUS_MOVE = YES;
				CLANG_WARN_UNREACHABLE_CODE = YES;
				CLANG_WARN__DUPLICATE_METHOD_MATCH = YES;
				"CODE_SIGN_IDENTITY[sdk=iphoneos*]" = "iPhone Developer";
				COPY_PHASE_STRIP = NO;
				DEBUG_INFORMATION_FORMAT = dwarf;
				ENABLE_STRICT_OBJC_MSGSEND = YES;
				ENABLE_TESTABILITY = YES;
				GCC_C_LANGUAGE_STANDARD = gnu99;
				GCC_DYNAMIC_NO_PIC = NO;
				GCC_NO_COMMON_BLOCKS = YES;
				GCC_OPTIMIZATION_LEVEL = 0;
				GCC_PREPROCESSOR_DEFINITIONS = (
					"DEBUG=1",
					"$(inherited)",
				);
				GCC_WARN_64_TO_32_BIT_CONVERSION = YES;
				GCC_WARN_ABOUT_RETURN_TYPE = YES_ERROR;
				GCC_WARN_UNDECLARED_SELECTOR = YES;
				GCC_WARN_UNINITIALIZED_AUTOS = YES_AGGRESSIVE;
				GCC_WARN_UNUSED_FUNCTION = YES;
				GCC_WARN_UNUSED_VARIABLE = YES;
				IPHONEOS_DEPLOYMENT_TARGET = 10.2;
				MTL_ENABLE_DEBUG_INFO = YES;
				ONLY_ACTIVE_ARCH = YES;
				SDKROOT = iphoneos;
				SWIFT_ACTIVE_COMPILATION_CONDITIONS = DEBUG;
				SWIFT_OPTIMIZATION_LEVEL = "-Onone";
			};
			name = Debug;
		};
		C6E9F00E1E57DF4100DE2C21 /* Release */ = {
			isa = XCBuildConfiguration;
			buildSettings = {
				ALWAYS_SEARCH_USER_PATHS = NO;
				CLANG_ANALYZER_NONNULL = YES;
				CLANG_CXX_LANGUAGE_STANDARD = "gnu++0x";
				CLANG_CXX_LIBRARY = "libc++";
				CLANG_ENABLE_MODULES = YES;
				CLANG_ENABLE_OBJC_ARC = YES;
				CLANG_WARN_BOOL_CONVERSION = YES;
				CLANG_WARN_CONSTANT_CONVERSION = YES;
				CLANG_WARN_DIRECT_OBJC_ISA_USAGE = YES_ERROR;
				CLANG_WARN_DOCUMENTATION_COMMENTS = YES;
				CLANG_WARN_EMPTY_BODY = YES;
				CLANG_WARN_ENUM_CONVERSION = YES;
				CLANG_WARN_INFINITE_RECURSION = YES;
				CLANG_WARN_INT_CONVERSION = YES;
				CLANG_WARN_OBJC_ROOT_CLASS = YES_ERROR;
				CLANG_WARN_SUSPICIOUS_MOVE = YES;
				CLANG_WARN_UNREACHABLE_CODE = YES;
				CLANG_WARN__DUPLICATE_METHOD_MATCH = YES;
				"CODE_SIGN_IDENTITY[sdk=iphoneos*]" = "iPhone Developer";
				COPY_PHASE_STRIP = NO;
				DEBUG_INFORMATION_FORMAT = "dwarf-with-dsym";
				ENABLE_NS_ASSERTIONS = NO;
				ENABLE_STRICT_OBJC_MSGSEND = YES;
				GCC_C_LANGUAGE_STANDARD = gnu99;
				GCC_NO_COMMON_BLOCKS = YES;
				GCC_WARN_64_TO_32_BIT_CONVERSION = YES;
				GCC_WARN_ABOUT_RETURN_TYPE = YES_ERROR;
				GCC_WARN_UNDECLARED_SELECTOR = YES;
				GCC_WARN_UNINITIALIZED_AUTOS = YES_AGGRESSIVE;
				GCC_WARN_UNUSED_FUNCTION = YES;
				GCC_WARN_UNUSED_VARIABLE = YES;
				IPHONEOS_DEPLOYMENT_TARGET = 10.2;
				MTL_ENABLE_DEBUG_INFO = NO;
				SDKROOT = iphoneos;
				SWIFT_OPTIMIZATION_LEVEL = "-Owholemodule";
				VALIDATE_PRODUCT = YES;
			};
			name = Release;
		};
		C6E9F0101E57DF4100DE2C21 /* Debug */ = {
			isa = XCBuildConfiguration;
			buildSettings = {
				ASSETCATALOG_COMPILER_APPICON_NAME = AppIcon;
				DEVELOPMENT_TEAM = YBP3LRB395;
				INFOPLIST_FILE = Travelogue/Info.plist;
				LD_RUNPATH_SEARCH_PATHS = "$(inherited) @executable_path/Frameworks";
				PRODUCT_BUNDLE_IDENTIFIER = com.saraf.Travelogue;
				PRODUCT_NAME = "$(TARGET_NAME)";
				SWIFT_VERSION = 3.0;
			};
			name = Debug;
		};
		C6E9F0111E57DF4100DE2C21 /* Release */ = {
			isa = XCBuildConfiguration;
			buildSettings = {
				ASSETCATALOG_COMPILER_APPICON_NAME = AppIcon;
				DEVELOPMENT_TEAM = YBP3LRB395;
				INFOPLIST_FILE = Travelogue/Info.plist;
				LD_RUNPATH_SEARCH_PATHS = "$(inherited) @executable_path/Frameworks";
				PRODUCT_BUNDLE_IDENTIFIER = com.saraf.Travelogue;
				PRODUCT_NAME = "$(TARGET_NAME)";
				SWIFT_VERSION = 3.0;
			};
			name = Release;
		};
/* End XCBuildConfiguration section */

/* Begin XCConfigurationList section */
		C6E9EFF81E57DF4100DE2C21 /* Build configuration list for PBXProject "Travelogue" */ = {
			isa = XCConfigurationList;
			buildConfigurations = (
				C6E9F00D1E57DF4100DE2C21 /* Debug */,
				C6E9F00E1E57DF4100DE2C21 /* Release */,
			);
			defaultConfigurationIsVisible = 0;
			defaultConfigurationName = Release;
		};
		C6E9F00F1E57DF4100DE2C21 /* Build configuration list for PBXNativeTarget "Travelogue" */ = {
			isa = XCConfigurationList;
			buildConfigurations = (
				C6E9F0101E57DF4100DE2C21 /* Debug */,
				C6E9F0111E57DF4100DE2C21 /* Release */,
			);
			defaultConfigurationIsVisible = 0;
		};
/* End XCConfigurationList section */
	};
	rootObject = C6E9EFF51E57DF4100DE2C21 /* Project object */;
}
